Microsoft Visual Studio Solution File, Format Version 8.00
Project("{8BC9CEB8-8B4A-11D0-8D11-00A0C91BC942}") = "OpcS7", "OpcS7.vcproj", "{1BF4FC66-7BF8-4D2B-8B15-9191B9F75FB0}"
	ProjectSection(ProjectDependencies) = postProject
	EndProjectSection
EndProject
Project("{8BC9CEB8-8B4A-11D0-8D11-00A0C91BC942}") = "Test", "Test\Test.vcproj", "{6968AD05-D48D-4C1E-AB55-D341987D4AB2}"
	ProjectSection(ProjectDependencies) = postProject
	EndProjectSection
EndProject
Global
	GlobalSection(SolutionConfiguration) = preSolution
		Debug = Debug
		Edps Debug = Edps Debug
		Release = Release
	EndGlobalSection
	GlobalSection(ProjectConfiguration) = postSolution
		{1BF4FC66-7BF8-4D2B-8B15-9191B9F75FB0}.Debug.ActiveCfg = Debug|Win32
		{1BF4FC66-7BF8-4D2B-8B15-9191B9F75FB0}.Debug.Build.0 = Debug|Win32
		{1BF4FC66-7BF8-4D2B-8B15-9191B9F75FB0}.Edps Debug.ActiveCfg = Edps Debug|Win32
		{1BF4FC66-7BF8-4D2B-8B15-9191B9F75FB0}.Edps Debug.Build.0 = Edps Debug|Win32
		{1BF4FC66-7BF8-4D2B-8B15-9191B9F75FB0}.Release.ActiveCfg = Release|Win32
		{1BF4FC66-7BF8-4D2B-8B15-9191B9F75FB0}.Release.Build.0 = Release|Win32
		{6968AD05-D48D-4C1E-AB55-D341987D4AB2}.Debug.ActiveCfg = Debug|Win32
		{6968AD05-D48D-4C1E-AB55-D341987D4AB2}.Debug.Build.0 = Debug|Win32
		{6968AD05-D48D-4C1E-AB55-D341987D4AB2}.Edps Debug.ActiveCfg = Debug|Win32
		{6968AD05-D48D-4C1E-AB55-D341987D4AB2}.Edps Debug.Build.0 = Debug|Win32
		{6968AD05-D48D-4C1E-AB55-D341987D4AB2}.Release.ActiveCfg = Release|Win32
		{6968AD05-D48D-4C1E-AB55-D341987D4AB2}.Release.Build.0 = Release|Win32
	EndGlobalSection
	GlobalSection(ExtensibilityGlobals) = postSolution
	EndGlobalSection
	GlobalSection(ExtensibilityAddIns) = postSolution
	EndGlobalSection
EndGlobal
